
Microsoft Visual Studio Solution File, Format Version 12.00
# Visual Studio 15
VisualStudioVersion = 15.0.27428.2015
MinimumVisualStudioVersion = 10.0.40219.1
Project("{FAE04EC0-301F-11D3-BF4B-00C04F79EFBC}") = "Assignment04", "Assignment04\Assignment04.csproj", "{DC73DF75-5127-486E-9B09-92E4B8094D9A}"
EndProject
Global
	GlobalSection(SolutionConfigurationPlatforms) = preSolution
		Debug|Any CPU = Debug|Any CPU
		Release|Any CPU = Release|Any CPU
	EndGlobalSection
	GlobalSection(ProjectConfigurationPlatforms) = postSolution
		{DC73DF75-5127-486E-9B09-92E4B8094D9A}.Debug|Any CPU.ActiveCfg = Debug|Any CPU
		{DC73DF75-5127-486E-9B09-92E4B8094D9A}.Debug|Any CPU.Build.0 = Debug|Any CPU
		{DC73DF75-5127-486E-9B09-92E4B8094D9A}.Release|Any CPU.ActiveCfg = Release|Any CPU
		{DC73DF75-5127-486E-9B09-92E4B8094D9A}.Release|Any CPU.Build.0 = Release|Any CPU
	EndGlobalSection
	GlobalSection(SolutionProperties) = preSolution
		HideSolutionNode = FALSE
	EndGlobalSection
	GlobalSection(ExtensibilityGlobals) = postSolution
		SolutionGuid = {13CD1478-8D8B-439D-87C0-70058291B7D0}
	EndGlobalSection
EndGlobal
